
Microsoft Visual Studio Solution File, Format Version 12.00
# Visual Studio Version 18
VisualStudioVersion = 18.2.11415.280 d18.0
MinimumVisualStudioVersion = 10.0.40219.1
Project("{FAE04EC0-301F-11D3-BF4B-00C04F79EFBC}") = "CouncilOfBeer.Data", "..\Data\CouncilOfBeer.Data.csproj", "{CCF835BE-80E2-48A4-A457-3894C9F2C7DD}"
EndProject
Project("{FAE04EC0-301F-11D3-BF4B-00C04F79EFBC}") = "CouncilOfBeer.Api", "..\CouncilOfBeer.Api\CouncilOfBeer.Api.csproj", "{AFC2015A-CD6C-46CC-BC11-D8BC908E5E9B}"
EndProject
Project("{FAE04EC0-301F-11D3-BF4B-00C04F79EFBC}") = "CouncilOfBeer.Logic", "..\CouncilOfBeer.Logic\CouncilOfBeer.Logic.csproj", "{D0657999-7C96-4BC7-8DFA-A153906CFFCC}"
EndProject
Global
	GlobalSection(SolutionConfigurationPlatforms) = preSolution
		Debug|Any CPU = Debug|Any CPU
		Release|Any CPU = Release|Any CPU
	EndGlobalSection
	GlobalSection(ProjectConfigurationPlatforms) = postSolution
		{CCF835BE-80E2-48A4-A457-3894C9F2C7DD}.Debug|Any CPU.ActiveCfg = Debug|Any CPU
		{CCF835BE-80E2-48A4-A457-3894C9F2C7DD}.Debug|Any CPU.Build.0 = Debug|Any CPU
		{CCF835BE-80E2-48A4-A457-3894C9F2C7DD}.Release|Any CPU.ActiveCfg = Release|Any CPU
		{CCF835BE-80E2-48A4-A457-3894C9F2C7DD}.Release|Any CPU.Build.0 = Release|Any CPU
		{AFC2015A-CD6C-46CC-BC11-D8BC908E5E9B}.Debug|Any CPU.ActiveCfg = Debug|Any CPU
		{AFC2015A-CD6C-46CC-BC11-D8BC908E5E9B}.Debug|Any CPU.Build.0 = Debug|Any CPU
		{AFC2015A-CD6C-46CC-BC11-D8BC908E5E9B}.Release|Any CPU.ActiveCfg = Release|Any CPU
		{AFC2015A-CD6C-46CC-BC11-D8BC908E5E9B}.Release|Any CPU.Build.0 = Release|Any CPU
		{D0657999-7C96-4BC7-8DFA-A153906CFFCC}.Debug|Any CPU.ActiveCfg = Debug|Any CPU
		{D0657999-7C96-4BC7-8DFA-A153906CFFCC}.Debug|Any CPU.Build.0 = Debug|Any CPU
		{D0657999-7C96-4BC7-8DFA-A153906CFFCC}.Release|Any CPU.ActiveCfg = Release|Any CPU
		{D0657999-7C96-4BC7-8DFA-A153906CFFCC}.Release|Any CPU.Build.0 = Release|Any CPU
	EndGlobalSection
	GlobalSection(SolutionProperties) = preSolution
		HideSolutionNode = FALSE
	EndGlobalSection
	GlobalSection(ExtensibilityGlobals) = postSolution
		SolutionGuid = {C3430FDD-D240-407B-81C5-DF6C8E170E5B}
	EndGlobalSection
EndGlobal
